
Microsoft Visual Studio Solution File, Format Version 12.00
Project("{FAE04EC0-301F-11D3-BF4B-00C04F79EFBC}") = "MyNotes.Application", "MyNotes.Application\MyNotes.Application.csproj", "{CC0AEA9D-B8E3-4D6A-823D-4EBC02EA8E60}"
EndProject
Global
	GlobalSection(SolutionConfigurationPlatforms) = preSolution
		Debug|Any CPU = Debug|Any CPU
		Release|Any CPU = Release|Any CPU
	EndGlobalSection
	GlobalSection(ProjectConfigurationPlatforms) = postSolution
		{CC0AEA9D-B8E3-4D6A-823D-4EBC02EA8E60}.Debug|Any CPU.ActiveCfg = Debug|Any CPU
		{CC0AEA9D-B8E3-4D6A-823D-4EBC02EA8E60}.Debug|Any CPU.Build.0 = Debug|Any CPU
		{CC0AEA9D-B8E3-4D6A-823D-4EBC02EA8E60}.Release|Any CPU.ActiveCfg = Release|Any CPU
		{CC0AEA9D-B8E3-4D6A-823D-4EBC02EA8E60}.Release|Any CPU.Build.0 = Release|Any CPU
	EndGlobalSection
EndGlobal
